// !$*UTF8*$!
{
	archiveVersion = 1;
	classes = {
	};
	objectVersion = 46;
	objects = {

/* Begin PBXBuildFile section */
		AC50FC3324042AB400AB4285 /* libgenerators.a in Frameworks */ = {isa = PBXBuildFile; fileRef = AC50FC242404297400AB4285 /* libgenerators.a */; settings = {ATTRIBUTES = (Required, ); }; };
		AC692030240FF412007F3DB4 /* lib.cpp in Sources */ = {isa = PBXBuildFile; fileRef = AC69202B240FF3FF007F3DB4 /* lib.cpp */; };
		ACA5A16624046D3F00EFFC13 /* temporal.cpp in Sources */ = {isa = PBXBuildFile; fileRef = ACA5A15C24046D3A00EFFC13 /* temporal.cpp */; };
		ACA5A16724046D4800EFFC13 /* gen.cpp in Sources */ = {isa = PBXBuildFile; fileRef = ACA5A15124046D3A00EFFC13 /* gen.cpp */; };
/* End PBXBuildFile section */

/* Begin PBXContainerItemProxy section */
		AC50FC302404299A00AB4285 /* PBXContainerItemProxy */ = {
			isa = PBXContainerItemProxy;
			containerPortal = ACD54AC72299957800526848 /* Project object */;
			proxyType = 1;
			remoteGlobalIDString = AC50FC232404297400AB4285;
			remoteInfo = generators;
		};
		AC69203124102189007F3DB4 /* PBXContainerItemProxy */ = {
			isa = PBXContainerItemProxy;
			containerPortal = ACD54AC72299957800526848 /* Project object */;
			proxyType = 1;
			remoteGlobalIDString = AC69201D240FF302007F3DB4;
			remoteInfo = lib;
		};
/* End PBXContainerItemProxy section */

/* Begin PBXCopyFilesBuildPhase section */
		ACD54ACD2299957800526848 /* CopyFiles */ = {
			isa = PBXCopyFilesBuildPhase;
			buildActionMask = 2147483647;
			dstPath = /usr/share/man/man1/;
			dstSubfolderSpec = 0;
			files = (
			);
			runOnlyForDeploymentPostprocessing = 1;
		};
/* End PBXCopyFilesBuildPhase section */

/* Begin PBXFileReference section */
		AC0D0B782413E18200E245C3 /* temporal_root.i */ = {isa = PBXFileReference; lastKnownFileType = sourcecode.c.c.preprocessed; name = temporal_root.i; path = Src/temporal_root.i; sourceTree = "<group>"; };
		AC105AD8241459470001A7B2 /* readme.md */ = {isa = PBXFileReference; lastKnownFileType = net.daringfireball.markdown; path = readme.md; sourceTree = "<group>"; };
		AC105AD9241459470001A7B2 /* make.sh */ = {isa = PBXFileReference; lastKnownFileType = text.script.sh; path = make.sh; sourceTree = "<group>"; };
		AC4281CD24423F310065362E /* TemporalLib.h */ = {isa = PBXFileReference; lastKnownFileType = sourcecode.c.h; name = TemporalLib.h; path = Src/TemporalLib.h; sourceTree = "<group>"; };
		AC50FC242404297400AB4285 /* libgenerators.a */ = {isa = PBXFileReference; explicitFileType = archive.ar; includeInIndex = 0; path = libgenerators.a; sourceTree = BUILT_PRODUCTS_DIR; };
		AC5E1F082441FA6300E17828 /* tmp_runcommand.i */ = {isa = PBXFileReference; lastKnownFileType = sourcecode.c.c.preprocessed; name = tmp_runcommand.i; path = Src/tmp_runcommand.i; sourceTree = "<group>"; };
		AC5E1F092441FB4E00E17828 /* tmp_actions.i */ = {isa = PBXFileReference; lastKnownFileType = sourcecode.c.c.preprocessed; name = tmp_actions.i; path = Src/tmp_actions.i; sourceTree = "<group>"; };
		AC5E1F0A244201AB00E17828 /* tmp_files.i */ = {isa = PBXFileReference; lastKnownFileType = sourcecode.c.c.preprocessed; name = tmp_files.i; path = Src/tmp_files.i; sourceTree = "<group>"; };
		AC69201E240FF302007F3DB4 /* libTemporal.a */ = {isa = PBXFileReference; explicitFileType = archive.ar; includeInIndex = 0; path = libTemporal.a; sourceTree = BUILT_PRODUCTS_DIR; };
		AC69202B240FF3FF007F3DB4 /* lib.cpp */ = {isa = PBXFileReference; fileEncoding = 4; lastKnownFileType = sourcecode.cpp.cpp; name = lib.cpp; path = Src/lib.cpp; sourceTree = "<group>"; };
		AC6AF80B24114F6900014F31 /* tmp_options.i */ = {isa = PBXFileReference; fileEncoding = 4; lastKnownFileType = sourcecode.c.c.preprocessed; name = tmp_options.i; path = Src/tmp_options.i; sourceTree = "<group>"; };
		ACA5A14D24046D3A00EFFC13 /* tmp_gen_proc.i */ = {isa = PBXFileReference; lastKnownFileType = sourcecode.c.c.preprocessed; name = tmp_gen_proc.i; path = Src/tmp_gen_proc.i; sourceTree = "<group>"; };
		ACA5A14E24046D3A00EFFC13 /* tmp_utils.i */ = {isa = PBXFileReference; lastKnownFileType = sourcecode.c.c.preprocessed; name = tmp_utils.i; path = Src/tmp_utils.i; sourceTree = "<group>"; };
		ACA5A14F24046D3A00EFFC13 /* tmp_api.i */ = {isa = PBXFileReference; lastKnownFileType = sourcecode.c.c.preprocessed; name = tmp_api.i; path = Src/tmp_api.i; sourceTree = "<group>"; };
		ACA5A15024046D3A00EFFC13 /* tmp_extraction.i */ = {isa = PBXFileReference; lastKnownFileType = sourcecode.c.c.preprocessed; name = tmp_extraction.i; path = Src/tmp_extraction.i; sourceTree = "<group>"; };
		ACA5A15124046D3A00EFFC13 /* gen.cpp */ = {isa = PBXFileReference; lastKnownFileType = sourcecode.cpp.cpp; name = gen.cpp; path = Src/gen.cpp; sourceTree = "<group>"; };
		ACA5A15224046D3A00EFFC13 /* tmp_debias.i */ = {isa = PBXFileReference; lastKnownFileType = sourcecode.c.c.preprocessed; name = tmp_debias.i; path = Src/tmp_debias.i; sourceTree = "<group>"; };
		ACA5A15324046D3A00EFFC13 /* tmp_img.i */ = {isa = PBXFileReference; lastKnownFileType = sourcecode.c.c.preprocessed; name = tmp_img.i; path = Src/tmp_img.i; sourceTree = "<group>"; };
		ACA5A15424046D3A00EFFC13 /* tmp_stats.i */ = {isa = PBXFileReference; lastKnownFileType = sourcecode.c.c.preprocessed; name = tmp_stats.i; path = Src/tmp_stats.i; sourceTree = "<group>"; };
		ACA5A15524046D3A00EFFC13 /* tmp_stb.i */ = {isa = PBXFileReference; lastKnownFileType = sourcecode.c.c.preprocessed; name = tmp_stb.i; path = Src/tmp_stb.i; sourceTree = "<group>"; };
		ACA5A15724046D3A00EFFC13 /* tmp_shared.i */ = {isa = PBXFileReference; lastKnownFileType = sourcecode.c.c.preprocessed; name = tmp_shared.i; path = Src/tmp_shared.i; sourceTree = "<group>"; };
		ACA5A15924046D3A00EFFC13 /* tmp_headers.i */ = {isa = PBXFileReference; lastKnownFileType = sourcecode.c.c.preprocessed; name = tmp_headers.i; path = Src/tmp_headers.i; sourceTree = "<group>"; };
		ACA5A15A24046D3A00EFFC13 /* tmp_vars.i */ = {isa = PBXFileReference; lastKnownFileType = sourcecode.c.c.preprocessed; name = tmp_vars.i; path = Src/tmp_vars.i; sourceTree = "<group>"; };
		ACA5A15B24046D3A00EFFC13 /* tmp_core.i */ = {isa = PBXFileReference; lastKnownFileType = sourcecode.c.c.preprocessed; name = tmp_core.i; path = Src/tmp_core.i; sourceTree = "<group>"; };
		ACA5A15C24046D3A00EFFC13 /* temporal.cpp */ = {isa = PBXFileReference; lastKnownFileType = sourcecode.cpp.cpp; name = temporal.cpp; path = Src/temporal.cpp; sourceTree = "<group>"; };
		ACA5A15D24046D3A00EFFC13 /* tmp_typedefs.i */ = {isa = PBXFileReference; lastKnownFileType = sourcecode.c.c.preprocessed; name = tmp_typedefs.i; path = Src/tmp_typedefs.i; sourceTree = "<group>"; };
		ACA5A15F24046D3A00EFFC13 /* tmp_defines.i */ = {isa = PBXFileReference; lastKnownFileType = sourcecode.c.c.preprocessed; name = tmp_defines.i; path = Src/tmp_defines.i; sourceTree = "<group>"; };
		ACA5A16024046D3A00EFFC13 /* tmp_drawhisto.i */ = {isa = PBXFileReference; lastKnownFileType = sourcecode.c.c.preprocessed; name = tmp_drawhisto.i; path = Src/tmp_drawhisto.i; sourceTree = "<group>"; };
		ACA5A16124046D3A00EFFC13 /* tmp_classes.i */ = {isa = PBXFileReference; lastKnownFileType = sourcecode.c.c.preprocessed; name = tmp_classes.i; path = Src/tmp_classes.i; sourceTree = "<group>"; };
		ACA5A16224046D3A00EFFC13 /* tmp_histogram.i */ = {isa = PBXFileReference; lastKnownFileType = sourcecode.c.c.preprocessed; name = tmp_histogram.i; path = Src/tmp_histogram.i; sourceTree = "<group>"; };
		ACA5A16324046D3A00EFFC13 /* tmp_logging.i */ = {isa = PBXFileReference; lastKnownFileType = sourcecode.c.c.preprocessed; name = tmp_logging.i; path = Src/tmp_logging.i; sourceTree = "<group>"; };
		ACA5A16424046D3A00EFFC13 /* tmp_math.i */ = {isa = PBXFileReference; lastKnownFileType = sourcecode.c.c.preprocessed; name = tmp_math.i; path = Src/tmp_math.i; sourceTree = "<group>"; };
		ACA5A16524046D3A00EFFC13 /* tmp_sorting.i */ = {isa = PBXFileReference; lastKnownFileType = sourcecode.c.c.preprocessed; name = tmp_sorting.i; path = Src/tmp_sorting.i; sourceTree = "<group>"; };
		ACD54ACF2299957800526848 /* temporal */ = {isa = PBXFileReference; explicitFileType = "compiled.mach-o.executable"; includeInIndex = 0; path = temporal; sourceTree = BUILT_PRODUCTS_DIR; };
		ACF5E8712445F2DB00E68257 /* tmp_archive.i */ = {isa = PBXFileReference; lastKnownFileType = sourcecode.c.c.preprocessed; name = tmp_archive.i; path = Src/tmp_archive.i; sourceTree = "<group>"; };
		ACF89D8324338518006A9448 /* tmp_funcs.i */ = {isa = PBXFileReference; fileEncoding = 4; lastKnownFileType = sourcecode.c.c.preprocessed; name = tmp_funcs.i; path = Src/tmp_funcs.i; sourceTree = "<group>"; };
		ACF89D852433965B006A9448 /* tmp_directory.i */ = {isa = PBXFileReference; lastKnownFileType = sourcecode.c.c.preprocessed; name = tmp_directory.i; path = Src/tmp_directory.i; sourceTree = "<group>"; };
/* End PBXFileReference section */

/* Begin PBXFrameworksBuildPhase section */
		AC50FC222404297400AB4285 /* Frameworks */ = {
			isa = PBXFrameworksBuildPhase;
			buildActionMask = 2147483647;
			files = (
			);
			runOnlyForDeploymentPostprocessing = 0;
		};
		AC69201C240FF302007F3DB4 /* Frameworks */ = {
			isa = PBXFrameworksBuildPhase;
			buildActionMask = 2147483647;
			files = (
			);
			runOnlyForDeploymentPostprocessing = 0;
		};
		ACD54ACC2299957800526848 /* Frameworks */ = {
			isa = PBXFrameworksBuildPhase;
			buildActionMask = 2147483647;
			files = (
				AC50FC3324042AB400AB4285 /* libgenerators.a in Frameworks */,
			);
			runOnlyForDeploymentPostprocessing = 0;
		};
/* End PBXFrameworksBuildPhase section */

/* Begin PBXGroup section */
		ACD54AC62299957800526848 = {
			isa = PBXGroup;
			children = (
				AC105AD9241459470001A7B2 /* make.sh */,
				AC105AD8241459470001A7B2 /* readme.md */,
				ACD54AD12299957800526848 /* cpp files */,
				ACD54AD02299957800526848 /* Products */,
			);
			sourceTree = "<group>";
		};
		ACD54AD02299957800526848 /* Products */ = {
			isa = PBXGroup;
			children = (
				ACD54ACF2299957800526848 /* temporal */,
				AC50FC242404297400AB4285 /* libgenerators.a */,
				AC69201E240FF302007F3DB4 /* libTemporal.a */,
			);
			name = Products;
			sourceTree = "<group>";
		};
		ACD54AD12299957800526848 /* cpp files */ = {
			isa = PBXGroup;
			children = (
				AC4281CD24423F310065362E /* TemporalLib.h */,
				ACA5A15124046D3A00EFFC13 /* gen.cpp */,
				AC5E1F092441FB4E00E17828 /* tmp_actions.i */,
				AC5E1F082441FA6300E17828 /* tmp_runcommand.i */,
				ACA5A15C24046D3A00EFFC13 /* temporal.cpp */,
				AC0D0B782413E18200E245C3 /* temporal_root.i */,
				ACA5A15924046D3A00EFFC13 /* tmp_headers.i */,
				ACA5A14F24046D3A00EFFC13 /* tmp_api.i */,
				ACA5A16124046D3A00EFFC13 /* tmp_classes.i */,
				ACA5A15B24046D3A00EFFC13 /* tmp_core.i */,
				ACF5E8712445F2DB00E68257 /* tmp_archive.i */,
				AC5E1F0A244201AB00E17828 /* tmp_files.i */,
				ACF89D8324338518006A9448 /* tmp_funcs.i */,
				ACA5A15224046D3A00EFFC13 /* tmp_debias.i */,
				ACF89D852433965B006A9448 /* tmp_directory.i */,
				ACA5A15F24046D3A00EFFC13 /* tmp_defines.i */,
				ACA5A16024046D3A00EFFC13 /* tmp_drawhisto.i */,
				ACA5A15024046D3A00EFFC13 /* tmp_extraction.i */,
				ACA5A14D24046D3A00EFFC13 /* tmp_gen_proc.i */,
				ACA5A16224046D3A00EFFC13 /* tmp_histogram.i */,
				ACA5A15324046D3A00EFFC13 /* tmp_img.i */,
				ACA5A16324046D3A00EFFC13 /* tmp_logging.i */,
				ACA5A16424046D3A00EFFC13 /* tmp_math.i */,
				ACA5A15724046D3A00EFFC13 /* tmp_shared.i */,
				ACA5A16524046D3A00EFFC13 /* tmp_sorting.i */,
				ACA5A15424046D3A00EFFC13 /* tmp_stats.i */,
				ACA5A15524046D3A00EFFC13 /* tmp_stb.i */,
				AC6AF80B24114F6900014F31 /* tmp_options.i */,
				ACA5A15D24046D3A00EFFC13 /* tmp_typedefs.i */,
				ACA5A14E24046D3A00EFFC13 /* tmp_utils.i */,
				ACA5A15A24046D3A00EFFC13 /* tmp_vars.i */,
				AC69202B240FF3FF007F3DB4 /* lib.cpp */,
			);
			name = "cpp files";
			sourceTree = "<group>";
		};
/* End PBXGroup section */

/* Begin PBXHeadersBuildPhase section */
		AC50FC202404297400AB4285 /* Headers */ = {
			isa = PBXHeadersBuildPhase;
			buildActionMask = 2147483647;
			files = (
			);
			runOnlyForDeploymentPostprocessing = 0;
		};
		AC69201A240FF302007F3DB4 /* Headers */ = {
			isa = PBXHeadersBuildPhase;
			buildActionMask = 2147483647;
			files = (
			);
			runOnlyForDeploymentPostprocessing = 0;
		};
/* End PBXHeadersBuildPhase section */

/* Begin PBXNativeTarget section */
		AC50FC232404297400AB4285 /* generators */ = {
			isa = PBXNativeTarget;
			buildConfigurationList = AC50FC2C2404297400AB4285 /* Build configuration list for PBXNativeTarget "generators" */;
			buildPhases = (
				AC50FC202404297400AB4285 /* Headers */,
				AC50FC212404297400AB4285 /* Sources */,
				AC50FC222404297400AB4285 /* Frameworks */,
			);
			buildRules = (
			);
			dependencies = (
			);
			name = generators;
			productName = generators;
			productReference = AC50FC242404297400AB4285 /* libgenerators.a */;
			productType = "com.apple.product-type.library.static";
		};
		AC69201D240FF302007F3DB4 /* lib */ = {
			isa = PBXNativeTarget;
			buildConfigurationList = AC692026240FF302007F3DB4 /* Build configuration list for PBXNativeTarget "lib" */;
			buildPhases = (
				AC69201A240FF302007F3DB4 /* Headers */,
				AC69201B240FF302007F3DB4 /* Sources */,
				AC69201C240FF302007F3DB4 /* Frameworks */,
			);
			buildRules = (
			);
			dependencies = (
			);
			name = lib;
			productName = lib;
			productReference = AC69201E240FF302007F3DB4 /* libTemporal.a */;
			productType = "com.apple.product-type.library.static";
		};
		ACD54ACE2299957800526848 /* temporal */ = {
			isa = PBXNativeTarget;
			buildConfigurationList = ACD54AD62299957800526848 /* Build configuration list for PBXNativeTarget "temporal" */;
			buildPhases = (
				ACD54ACB2299957800526848 /* Sources */,
				ACD54ACC2299957800526848 /* Frameworks */,
				ACD54ACD2299957800526848 /* CopyFiles */,
			);
			buildRules = (
			);
			dependencies = (
				AC50FC312404299A00AB4285 /* PBXTargetDependency */,
				AC69203224102189007F3DB4 /* PBXTargetDependency */,
			);
			name = temporal;
			productName = temporal_research;
			productReference = ACD54ACF2299957800526848 /* temporal */;
			productType = "com.apple.product-type.tool";
		};
/* End PBXNativeTarget section */

/* Begin PBXProject section */
		ACD54AC72299957800526848 /* Project object */ = {
			isa = PBXProject;
			attributes = {
				LastSwiftUpdateCheck = 1130;
				LastUpgradeCheck = 0810;
				ORGANIZATIONNAME = Theodore;
				TargetAttributes = {
					AC50FC232404297400AB4285 = {
						CreatedOnToolsVersion = 11.3;
					};
					AC69201D240FF302007F3DB4 = {
						CreatedOnToolsVersion = 11.3;
					};
					ACD54ACE2299957800526848 = {
						CreatedOnToolsVersion = 8.1;
						ProvisioningStyle = Automatic;
					};
				};
			};
			buildConfigurationList = ACD54ACA2299957800526848 /* Build configuration list for PBXProject "temporal" */;
			compatibilityVersion = "Xcode 3.2";
			developmentRegion = English;
			hasScannedForEncodings = 0;
			knownRegions = (
				English,
				en,
			);
			mainGroup = ACD54AC62299957800526848;
			productRefGroup = ACD54AD02299957800526848 /* Products */;
			projectDirPath = "";
			projectRoot = "";
			targets = (
				AC69201D240FF302007F3DB4 /* lib */,
				ACD54ACE2299957800526848 /* temporal */,
				AC50FC232404297400AB4285 /* generators */,
			);
		};
/* End PBXProject section */

/* Begin PBXSourcesBuildPhase section */
		AC50FC212404297400AB4285 /* Sources */ = {
			isa = PBXSourcesBuildPhase;
			buildActionMask = 2147483647;
			files = (
				ACA5A16724046D4800EFFC13 /* gen.cpp in Sources */,
			);
			runOnlyForDeploymentPostprocessing = 0;
		};
		AC69201B240FF302007F3DB4 /* Sources */ = {
			isa = PBXSourcesBuildPhase;
			buildActionMask = 2147483647;
			files = (
				AC692030240FF412007F3DB4 /* lib.cpp in Sources */,
			);
			runOnlyForDeploymentPostprocessing = 0;
		};
		ACD54ACB2299957800526848 /* Sources */ = {
			isa = PBXSourcesBuildPhase;
			buildActionMask = 2147483647;
			files = (
				ACA5A16624046D3F00EFFC13 /* temporal.cpp in Sources */,
			);
			runOnlyForDeploymentPostprocessing = 0;
		};
/* End PBXSourcesBuildPhase section */

/* Begin PBXTargetDependency section */
		AC50FC312404299A00AB4285 /* PBXTargetDependency */ = {
			isa = PBXTargetDependency;
			target = AC50FC232404297400AB4285 /* generators */;
			targetProxy = AC50FC302404299A00AB4285 /* PBXContainerItemProxy */;
		};
		AC69203224102189007F3DB4 /* PBXTargetDependency */ = {
			isa = PBXTargetDependency;
			target = AC69201D240FF302007F3DB4 /* lib */;
			targetProxy = AC69203124102189007F3DB4 /* PBXContainerItemProxy */;
		};
/* End PBXTargetDependency section */

/* Begin XCBuildConfiguration section */
		AC50FC2D2404297400AB4285 /* Debug */ = {
			isa = XCBuildConfiguration;
			buildSettings = {
				CLANG_ENABLE_MODULE_DEBUGGING = YES;
				EXECUTABLE_PREFIX = lib;
				GCC_OPTIMIZATION_LEVEL = 0;
				PRODUCT_NAME = "$(TARGET_NAME)";
				SKIP_INSTALL = YES;
			};
			name = Debug;
		};
		AC50FC2E2404297400AB4285 /* Release */ = {
			isa = XCBuildConfiguration;
			buildSettings = {
				CLANG_ENABLE_MODULE_DEBUGGING = YES;
				EXECUTABLE_PREFIX = lib;
				GCC_OPTIMIZATION_LEVEL = 0;
				GCC_PREPROCESSOR_DEFINITIONS = "DEBUG=1";
				PRODUCT_NAME = "$(TARGET_NAME)";
				SKIP_INSTALL = YES;
			};
			name = Release;
		};
		AC692027240FF302007F3DB4 /* Debug */ = {
			isa = XCBuildConfiguration;
			buildSettings = {
				DEAD_CODE_STRIPPING = YES;
				DEPLOYMENT_POSTPROCESSING = YES;
				EXECUTABLE_PREFIX = "";
				MACOSX_DEPLOYMENT_TARGET = 10.11;
				PRODUCT_NAME = libTemporal;
				SKIP_INSTALL = YES;
				STRIP_STYLE = "non-global";
			};
			name = Debug;
		};
		AC692028240FF302007F3DB4 /* Release */ = {
			isa = XCBuildConfiguration;
			buildSettings = {
				DEAD_CODE_STRIPPING = YES;
				DEPLOYMENT_POSTPROCESSING = YES;
				EXECUTABLE_PREFIX = "";
				MACOSX_DEPLOYMENT_TARGET = 10.11;
				PRODUCT_NAME = libTemporal;
				SKIP_INSTALL = YES;
				STRIP_STYLE = "non-global";
			};
			name = Release;
		};
		ACD54AD42299957800526848 /* Debug */ = {
			isa = XCBuildConfiguration;
			buildSettings = {
				ALWAYS_SEARCH_USER_PATHS = NO;
				CLANG_ANALYZER_NONNULL = YES;
				CLANG_CXX_LANGUAGE_STANDARD = "gnu++0x";
				CLANG_CXX_LIBRARY = "libc++";
				CLANG_ENABLE_MODULES = YES;
				CLANG_ENABLE_OBJC_ARC = YES;
				CLANG_WARN_BOOL_CONVERSION = YES;
				CLANG_WARN_CONSTANT_CONVERSION = YES;
				CLANG_WARN_DIRECT_OBJC_ISA_USAGE = YES_ERROR;
				CLANG_WARN_DOCUMENTATION_COMMENTS = YES;
				CLANG_WARN_EMPTY_BODY = YES;
				CLANG_WARN_ENUM_CONVERSION = YES;
				CLANG_WARN_INFINITE_RECURSION = YES;
				CLANG_WARN_INT_CONVERSION = YES;
				CLANG_WARN_OBJC_ROOT_CLASS = YES_ERROR;
				CLANG_WARN_SUSPICIOUS_MOVES = YES;
				CLANG_WARN_UNREACHABLE_CODE = YES;
				CLANG_WARN__DUPLICATE_METHOD_MATCH = YES;
				CODE_SIGN_IDENTITY = "-";
				COPY_PHASE_STRIP = NO;
				DEBUG_INFORMATION_FORMAT = dwarf;
				ENABLE_STRICT_OBJC_MSGSEND = YES;
				ENABLE_TESTABILITY = YES;
				GCC_C_LANGUAGE_STANDARD = gnu99;
				GCC_DYNAMIC_NO_PIC = NO;
				GCC_FAST_MATH = YES;
				GCC_INLINES_ARE_PRIVATE_EXTERN = YES;
				GCC_NO_COMMON_BLOCKS = YES;
				GCC_OPTIMIZATION_LEVEL = 0;
				GCC_PREPROCESSOR_DEFINITIONS = (
					"DEBUG=1",
					"$(inherited)",
				);
				GCC_STRICT_ALIASING = NO;
				GCC_SYMBOLS_PRIVATE_EXTERN = YES;
				GCC_WARN_64_TO_32_BIT_CONVERSION = YES;
				GCC_WARN_ABOUT_RETURN_TYPE = YES_ERROR;
				GCC_WARN_SHADOW = YES;
				GCC_WARN_UNDECLARED_SELECTOR = YES;
				GCC_WARN_UNINITIALIZED_AUTOS = YES_AGGRESSIVE;
				GCC_WARN_UNUSED_FUNCTION = YES;
				GCC_WARN_UNUSED_VARIABLE = YES;
				LD_NO_PIE = YES;
				MACOSX_DEPLOYMENT_TARGET = 10.11;
				MTL_ENABLE_DEBUG_INFO = YES;
				ONLY_ACTIVE_ARCH = YES;
				SDKROOT = macosx;
			};
			name = Debug;
		};
		ACD54AD52299957800526848 /* Release */ = {
			isa = XCBuildConfiguration;
			buildSettings = {
				ALWAYS_SEARCH_USER_PATHS = NO;
				CLANG_ANALYZER_NONNULL = YES;
				CLANG_CXX_LANGUAGE_STANDARD = "gnu++0x";
				CLANG_CXX_LIBRARY = "libc++";
				CLANG_ENABLE_MODULES = YES;
				CLANG_ENABLE_OBJC_ARC = YES;
				CLANG_WARN_BOOL_CONVERSION = YES;
				CLANG_WARN_CONSTANT_CONVERSION = YES;
				CLANG_WARN_DIRECT_OBJC_ISA_USAGE = YES_ERROR;
				CLANG_WARN_DOCUMENTATION_COMMENTS = YES;
				CLANG_WARN_EMPTY_BODY = YES;
				CLANG_WARN_ENUM_CONVERSION = YES;
				CLANG_WARN_INFINITE_RECURSION = YES;
				CLANG_WARN_INT_CONVERSION = YES;
				CLANG_WARN_OBJC_ROOT_CLASS = YES_ERROR;
				CLANG_WARN_SUSPICIOUS_MOVES = YES;
				CLANG_WARN_UNREACHABLE_CODE = YES;
				CLANG_WARN__DUPLICATE_METHOD_MATCH = YES;
				CODE_SIGN_IDENTITY = "-";
				COPY_PHASE_STRIP = NO;
				DEBUG_INFORMATION_FORMAT = "dwarf-with-dsym";
				ENABLE_NS_ASSERTIONS = NO;
				ENABLE_STRICT_OBJC_MSGSEND = YES;
				GCC_C_LANGUAGE_STANDARD = gnu99;
				GCC_FAST_MATH = YES;
				GCC_INLINES_ARE_PRIVATE_EXTERN = YES;
				GCC_NO_COMMON_BLOCKS = YES;
				GCC_OPTIMIZATION_LEVEL = s;
				GCC_STRICT_ALIASING = NO;
				GCC_SYMBOLS_PRIVATE_EXTERN = YES;
				GCC_WARN_64_TO_32_BIT_CONVERSION = YES;
				GCC_WARN_ABOUT_RETURN_TYPE = YES_ERROR;
				GCC_WARN_SHADOW = YES;
				GCC_WARN_UNDECLARED_SELECTOR = YES;
				GCC_WARN_UNINITIALIZED_AUTOS = YES_AGGRESSIVE;
				GCC_WARN_UNUSED_FUNCTION = YES;
				GCC_WARN_UNUSED_VARIABLE = YES;
				LD_NO_PIE = YES;
				MACOSX_DEPLOYMENT_TARGET = 10.11;
				MTL_ENABLE_DEBUG_INFO = NO;
				SDKROOT = macosx;
			};
			name = Release;
		};
		ACD54AD72299957800526848 /* Debug */ = {
			isa = XCBuildConfiguration;
			buildSettings = {
				PRODUCT_NAME = "$(TARGET_NAME)";
			};
			name = Debug;
		};
		ACD54AD82299957800526848 /* Release */ = {
			isa = XCBuildConfiguration;
			buildSettings = {
				PRODUCT_NAME = "$(TARGET_NAME)";
			};
			name = Release;
		};
/* End XCBuildConfiguration section */

/* Begin XCConfigurationList section */
		AC50FC2C2404297400AB4285 /* Build configuration list for PBXNativeTarget "generators" */ = {
			isa = XCConfigurationList;
			buildConfigurations = (
				AC50FC2D2404297400AB4285 /* Debug */,
				AC50FC2E2404297400AB4285 /* Release */,
			);
			defaultConfigurationIsVisible = 0;
			defaultConfigurationName = Release;
		};
		AC692026240FF302007F3DB4 /* Build configuration list for PBXNativeTarget "lib" */ = {
			isa = XCConfigurationList;
			buildConfigurations = (
				AC692027240FF302007F3DB4 /* Debug */,
				AC692028240FF302007F3DB4 /* Release */,
			);
			defaultConfigurationIsVisible = 0;
			defaultConfigurationName = Release;
		};
		ACD54ACA2299957800526848 /* Build configuration list for PBXProject "temporal" */ = {
			isa = XCConfigurationList;
			buildConfigurations = (
				ACD54AD42299957800526848 /* Debug */,
				ACD54AD52299957800526848 /* Release */,
			);
			defaultConfigurationIsVisible = 0;
			defaultConfigurationName = Release;
		};
		ACD54AD62299957800526848 /* Build configuration list for PBXNativeTarget "temporal" */ = {
			isa = XCConfigurationList;
			buildConfigurations = (
				ACD54AD72299957800526848 /* Debug */,
				ACD54AD82299957800526848 /* Release */,
			);
			defaultConfigurationIsVisible = 0;
			defaultConfigurationName = Release;
		};
/* End XCConfigurationList section */
	};
	rootObject = ACD54AC72299957800526848 /* Project object */;
}
