// !$*UTF8*$!
{
	archiveVersion = 1;
	classes = {
	};
	objectVersion = 46;
	objects = {

/* Begin PBXBuildFile section */
		AC50FC2F2404297900AB4285 /* tmp_gen.cpp in Sources */ = {isa = PBXBuildFile; fileRef = AC50FBF82404255D00AB4285 /* tmp_gen.cpp */; };
		AC50FC3324042AB400AB4285 /* libgenerators.a in Frameworks */ = {isa = PBXBuildFile; fileRef = AC50FC242404297400AB4285 /* libgenerators.a */; settings = {ATTRIBUTES = (Required, ); }; };
		ACD54ADC22999D1800526848 /* temporal.cpp in Sources */ = {isa = PBXBuildFile; fileRef = ACD54ADB22999D1800526848 /* temporal.cpp */; };
/* End PBXBuildFile section */

/* Begin PBXContainerItemProxy section */
		AC50FC302404299A00AB4285 /* PBXContainerItemProxy */ = {
			isa = PBXContainerItemProxy;
			containerPortal = ACD54AC72299957800526848 /* Project object */;
			proxyType = 1;
			remoteGlobalIDString = AC50FC232404297400AB4285;
			remoteInfo = generators;
		};
/* End PBXContainerItemProxy section */

/* Begin PBXCopyFilesBuildPhase section */
		ACD54ACD2299957800526848 /* CopyFiles */ = {
			isa = PBXCopyFilesBuildPhase;
			buildActionMask = 2147483647;
			dstPath = /usr/share/man/man1/;
			dstSubfolderSpec = 0;
			files = (
			);
			runOnlyForDeploymentPostprocessing = 1;
		};
/* End PBXCopyFilesBuildPhase section */

/* Begin PBXFileReference section */
		AC2BC71E23DE674D0055621C /* tmp_saving.i */ = {isa = PBXFileReference; fileEncoding = 4; lastKnownFileType = sourcecode.c.c.preprocessed; path = tmp_saving.i; sourceTree = SOURCE_ROOT; };
		AC3EEFB423C13D0800AB0611 /* scoring.html */ = {isa = PBXFileReference; lastKnownFileType = text.html; name = scoring.html; path = Debug/time_output/scoring.html; sourceTree = "<group>"; };
		AC456295240098330047EB5C /* tmp_gen_proc.i */ = {isa = PBXFileReference; lastKnownFileType = sourcecode.c.c.preprocessed; path = tmp_gen_proc.i; sourceTree = "<group>"; };
		AC50FBF82404255D00AB4285 /* tmp_gen.cpp */ = {isa = PBXFileReference; fileEncoding = 4; lastKnownFileType = sourcecode.cpp.cpp; path = tmp_gen.cpp; sourceTree = "<group>"; };
		AC50FC002404271B00AB4285 /* main.cpp */ = {isa = PBXFileReference; lastKnownFileType = sourcecode.cpp.cpp; path = main.cpp; sourceTree = "<group>"; };
		AC50FC0E2404292900AB4285 /* generator.hpp */ = {isa = PBXFileReference; lastKnownFileType = sourcecode.cpp.h; path = generator.hpp; sourceTree = "<group>"; };
		AC50FC102404292900AB4285 /* generatorPriv.hpp */ = {isa = PBXFileReference; lastKnownFileType = sourcecode.cpp.h; path = generatorPriv.hpp; sourceTree = "<group>"; };
		AC50FC122404292900AB4285 /* generator.cpp */ = {isa = PBXFileReference; lastKnownFileType = sourcecode.cpp.cpp; path = generator.cpp; sourceTree = "<group>"; };
		AC50FC242404297400AB4285 /* libgenerators.a */ = {isa = PBXFileReference; explicitFileType = archive.ar; includeInIndex = 0; path = libgenerators.a; sourceTree = BUILT_PRODUCTS_DIR; };
		AC50FC262404297400AB4285 /* generators.hpp */ = {isa = PBXFileReference; lastKnownFileType = sourcecode.cpp.h; path = generators.hpp; sourceTree = "<group>"; };
		AC50FC282404297400AB4285 /* generatorsPriv.hpp */ = {isa = PBXFileReference; lastKnownFileType = sourcecode.cpp.h; path = generatorsPriv.hpp; sourceTree = "<group>"; };
		AC50FC2A2404297400AB4285 /* generators.cpp */ = {isa = PBXFileReference; lastKnownFileType = sourcecode.cpp.cpp; path = generators.cpp; sourceTree = "<group>"; };
		AC64043823F4AB3F0094EE18 /* tmp_debias.i */ = {isa = PBXFileReference; fileEncoding = 4; lastKnownFileType = sourcecode.c.c.preprocessed; path = tmp_debias.i; sourceTree = SOURCE_ROOT; };
		AC671D7A23E7021D002019A9 /* tmp_drawhisto.i */ = {isa = PBXFileReference; fileEncoding = 4; lastKnownFileType = sourcecode.c.c.preprocessed; path = tmp_drawhisto.i; sourceTree = SOURCE_ROOT; };
		AC671D7C23E702BB002019A9 /* tmp_histogram.i */ = {isa = PBXFileReference; fileEncoding = 4; lastKnownFileType = sourcecode.c.c.preprocessed; path = tmp_histogram.i; sourceTree = SOURCE_ROOT; };
		AC75C71B23FB4AB60086EBA9 /* tmp_demo.i */ = {isa = PBXFileReference; lastKnownFileType = sourcecode.c.c.preprocessed; path = tmp_demo.i; sourceTree = SOURCE_ROOT; };
		AC75C71C23FB5CA90086EBA9 /* tmp_img.i */ = {isa = PBXFileReference; lastKnownFileType = sourcecode.c.c.preprocessed; path = tmp_img.i; sourceTree = "<group>"; };
		ACA7E85523D9D44D001A6BDA /* tmp_defines.i */ = {isa = PBXFileReference; lastKnownFileType = sourcecode.c.c.preprocessed; path = tmp_defines.i; sourceTree = SOURCE_ROOT; };
		ACA7E85623D9D44D001A6BDA /* tmp_stats.i */ = {isa = PBXFileReference; lastKnownFileType = sourcecode.c.c.preprocessed; path = tmp_stats.i; sourceTree = SOURCE_ROOT; };
		ACA7E85723D9D44D001A6BDA /* tmp_logging.i */ = {isa = PBXFileReference; lastKnownFileType = sourcecode.c.c.preprocessed; path = tmp_logging.i; sourceTree = SOURCE_ROOT; };
		ACA7E85923D9D44D001A6BDA /* SteveLib.h */ = {isa = PBXFileReference; lastKnownFileType = sourcecode.c.h; path = SteveLib.h; sourceTree = SOURCE_ROOT; };
		ACA7E85A23D9D44D001A6BDA /* tmp_typedefs.i */ = {isa = PBXFileReference; lastKnownFileType = sourcecode.c.c.preprocessed; path = tmp_typedefs.i; sourceTree = SOURCE_ROOT; };
		ACA7E85B23D9D44D001A6BDA /* tmp_classes.i */ = {isa = PBXFileReference; lastKnownFileType = sourcecode.c.c.preprocessed; path = tmp_classes.i; sourceTree = SOURCE_ROOT; };
		ACA7E85C23D9D44D001A6BDA /* tmp_headers.i */ = {isa = PBXFileReference; lastKnownFileType = sourcecode.c.c.preprocessed; path = tmp_headers.i; sourceTree = SOURCE_ROOT; };
		ACA7E85D23D9D44D001A6BDA /* tmp_sorting.i */ = {isa = PBXFileReference; lastKnownFileType = sourcecode.c.c.preprocessed; path = tmp_sorting.i; sourceTree = SOURCE_ROOT; };
		ACA7E85E23D9D44D001A6BDA /* tmp_extraction.i */ = {isa = PBXFileReference; lastKnownFileType = sourcecode.c.c.preprocessed; path = tmp_extraction.i; sourceTree = SOURCE_ROOT; };
		ACA7E85F23D9D44E001A6BDA /* tmp_core.i */ = {isa = PBXFileReference; lastKnownFileType = sourcecode.c.c.preprocessed; path = tmp_core.i; sourceTree = SOURCE_ROOT; };
		ACA7E86023D9D44E001A6BDA /* tmp_api.i */ = {isa = PBXFileReference; lastKnownFileType = sourcecode.c.c.preprocessed; path = tmp_api.i; sourceTree = SOURCE_ROOT; };
		ACAB07E723E8BD0D00DA0C85 /* tmp_math.i */ = {isa = PBXFileReference; lastKnownFileType = sourcecode.c.c.preprocessed; path = tmp_math.i; sourceTree = SOURCE_ROOT; };
		ACD54ACF2299957800526848 /* steve_breathe */ = {isa = PBXFileReference; explicitFileType = "compiled.mach-o.executable"; includeInIndex = 0; path = steve_breathe; sourceTree = BUILT_PRODUCTS_DIR; };
		ACD54ADB22999D1800526848 /* temporal.cpp */ = {isa = PBXFileReference; fileEncoding = 4; lastKnownFileType = sourcecode.cpp.cpp; path = temporal.cpp; sourceTree = SOURCE_ROOT; };
		ACF1BDAF23D93D4A0085B8F4 /* tmp_defines.i */ = {isa = PBXFileReference; fileEncoding = 4; lastKnownFileType = sourcecode.c.c.preprocessed; path = tmp_defines.i; sourceTree = SOURCE_ROOT; };
		ACF1BDB023D93D4A0085B8F4 /* tmp_typedefs.i */ = {isa = PBXFileReference; fileEncoding = 4; lastKnownFileType = sourcecode.c.c.preprocessed; path = tmp_typedefs.i; sourceTree = SOURCE_ROOT; };
		ACF1BDB123D93D4A0085B8F4 /* tmp_sorting.i */ = {isa = PBXFileReference; fileEncoding = 4; lastKnownFileType = sourcecode.c.c.preprocessed; path = tmp_sorting.i; sourceTree = SOURCE_ROOT; };
		ACF1BDB223D93D4B0085B8F4 /* tmp_headers.i */ = {isa = PBXFileReference; fileEncoding = 4; lastKnownFileType = sourcecode.c.c.preprocessed; path = tmp_headers.i; sourceTree = SOURCE_ROOT; };
		ACF1BDB323D93D4B0085B8F4 /* tmp_logging.i */ = {isa = PBXFileReference; fileEncoding = 4; lastKnownFileType = sourcecode.c.c.preprocessed; path = tmp_logging.i; sourceTree = SOURCE_ROOT; };
		ACF1BDB423D93D4B0085B8F4 /* tmp_extraction.i */ = {isa = PBXFileReference; fileEncoding = 4; lastKnownFileType = sourcecode.c.c.preprocessed; path = tmp_extraction.i; sourceTree = SOURCE_ROOT; };
		ACF1BDB523D93D4B0085B8F4 /* tmp_classes.i */ = {isa = PBXFileReference; fileEncoding = 4; lastKnownFileType = sourcecode.c.c.preprocessed; path = tmp_classes.i; sourceTree = SOURCE_ROOT; };
		ACF1BDB623D93D4B0085B8F4 /* tmp_api.i */ = {isa = PBXFileReference; fileEncoding = 4; lastKnownFileType = sourcecode.c.c.preprocessed; path = tmp_api.i; sourceTree = SOURCE_ROOT; };
		ACF1BDB723D93D4B0085B8F4 /* tmp_stats.i */ = {isa = PBXFileReference; fileEncoding = 4; lastKnownFileType = sourcecode.c.c.preprocessed; path = tmp_stats.i; sourceTree = SOURCE_ROOT; };
/* End PBXFileReference section */

/* Begin PBXFrameworksBuildPhase section */
		AC50FC222404297400AB4285 /* Frameworks */ = {
			isa = PBXFrameworksBuildPhase;
			buildActionMask = 2147483647;
			files = (
			);
			runOnlyForDeploymentPostprocessing = 0;
		};
		ACD54ACC2299957800526848 /* Frameworks */ = {
			isa = PBXFrameworksBuildPhase;
			buildActionMask = 2147483647;
			files = (
				AC50FC3324042AB400AB4285 /* libgenerators.a in Frameworks */,
			);
			runOnlyForDeploymentPostprocessing = 0;
		};
/* End PBXFrameworksBuildPhase section */

/* Begin PBXGroup section */
		AC50FBFF2404271B00AB4285 /* idk */ = {
			isa = PBXGroup;
			children = (
				AC50FC002404271B00AB4285 /* main.cpp */,
			);
			path = idk;
			sourceTree = "<group>";
		};
		AC50FC0D2404292900AB4285 /* generator */ = {
			isa = PBXGroup;
			children = (
				AC50FC0E2404292900AB4285 /* generator.hpp */,
				AC50FC102404292900AB4285 /* generatorPriv.hpp */,
				AC50FC122404292900AB4285 /* generator.cpp */,
			);
			path = generator;
			sourceTree = "<group>";
		};
		AC50FC252404297400AB4285 /* generators */ = {
			isa = PBXGroup;
			children = (
				AC50FC262404297400AB4285 /* generators.hpp */,
				AC50FC282404297400AB4285 /* generatorsPriv.hpp */,
				AC50FC2A2404297400AB4285 /* generators.cpp */,
			);
			path = generators;
			sourceTree = "<group>";
		};
		AC50FC3224042AB400AB4285 /* Frameworks */ = {
			isa = PBXGroup;
			children = (
			);
			name = Frameworks;
			sourceTree = "<group>";
		};
		ACD54AC62299957800526848 = {
			isa = PBXGroup;
			children = (
				ACD54AD12299957800526848 /* steve_breathe */,
				AC50FBFF2404271B00AB4285 /* idk */,
				AC50FC0D2404292900AB4285 /* generator */,
				AC50FC252404297400AB4285 /* generators */,
				ACD54AD02299957800526848 /* Products */,
				AC3EEFB423C13D0800AB0611 /* scoring.html */,
				AC50FC3224042AB400AB4285 /* Frameworks */,
			);
			sourceTree = "<group>";
		};
		ACD54AD02299957800526848 /* Products */ = {
			isa = PBXGroup;
			children = (
				ACD54ACF2299957800526848 /* steve_breathe */,
				AC50FC242404297400AB4285 /* libgenerators.a */,
			);
			name = Products;
			sourceTree = "<group>";
		};
		ACD54AD12299957800526848 /* steve_breathe */ = {
			isa = PBXGroup;
			children = (
				ACA7E85923D9D44D001A6BDA /* SteveLib.h */,
				ACD54ADB22999D1800526848 /* temporal.cpp */,
				AC50FBF82404255D00AB4285 /* tmp_gen.cpp */,
				ACA7E85C23D9D44D001A6BDA /* tmp_headers.i */,
				ACA7E85A23D9D44D001A6BDA /* tmp_typedefs.i */,
				ACA7E85523D9D44D001A6BDA /* tmp_defines.i */,
				ACA7E86023D9D44E001A6BDA /* tmp_api.i */,
				ACA7E85B23D9D44D001A6BDA /* tmp_classes.i */,
				ACA7E85F23D9D44E001A6BDA /* tmp_core.i */,
				ACA7E85E23D9D44D001A6BDA /* tmp_extraction.i */,
				AC64043823F4AB3F0094EE18 /* tmp_debias.i */,
				AC671D7A23E7021D002019A9 /* tmp_drawhisto.i */,
				AC671D7C23E702BB002019A9 /* tmp_histogram.i */,
				AC75C71C23FB5CA90086EBA9 /* tmp_img.i */,
				ACA7E85723D9D44D001A6BDA /* tmp_logging.i */,
				AC75C71B23FB4AB60086EBA9 /* tmp_demo.i */,
				AC456295240098330047EB5C /* tmp_gen_proc.i */,
				AC2BC71E23DE674D0055621C /* tmp_saving.i */,
				ACAB07E723E8BD0D00DA0C85 /* tmp_math.i */,
				ACA7E85D23D9D44D001A6BDA /* tmp_sorting.i */,
				ACA7E85623D9D44D001A6BDA /* tmp_stats.i */,
				ACF1BDB623D93D4B0085B8F4 /* tmp_api.i */,
				ACF1BDB523D93D4B0085B8F4 /* tmp_classes.i */,
				ACF1BDAF23D93D4A0085B8F4 /* tmp_defines.i */,
				ACF1BDB423D93D4B0085B8F4 /* tmp_extraction.i */,
				ACF1BDB223D93D4B0085B8F4 /* tmp_headers.i */,
				ACF1BDB323D93D4B0085B8F4 /* tmp_logging.i */,
				ACF1BDB123D93D4A0085B8F4 /* tmp_sorting.i */,
				ACF1BDB723D93D4B0085B8F4 /* tmp_stats.i */,
				ACF1BDB023D93D4A0085B8F4 /* tmp_typedefs.i */,
			);
			name = steve_breathe;
			sourceTree = "<group>";
		};
/* End PBXGroup section */

/* Begin PBXHeadersBuildPhase section */
		AC50FC202404297400AB4285 /* Headers */ = {
			isa = PBXHeadersBuildPhase;
			buildActionMask = 2147483647;
			files = (
			);
			runOnlyForDeploymentPostprocessing = 0;
		};
/* End PBXHeadersBuildPhase section */

/* Begin PBXNativeTarget section */
		AC50FC232404297400AB4285 /* generators */ = {
			isa = PBXNativeTarget;
			buildConfigurationList = AC50FC2C2404297400AB4285 /* Build configuration list for PBXNativeTarget "generators" */;
			buildPhases = (
				AC50FC202404297400AB4285 /* Headers */,
				AC50FC212404297400AB4285 /* Sources */,
				AC50FC222404297400AB4285 /* Frameworks */,
			);
			buildRules = (
			);
			dependencies = (
			);
			name = generators;
			productName = generators;
			productReference = AC50FC242404297400AB4285 /* libgenerators.a */;
			productType = "com.apple.product-type.library.static";
		};
		ACD54ACE2299957800526848 /* steve_breathe */ = {
			isa = PBXNativeTarget;
			buildConfigurationList = ACD54AD62299957800526848 /* Build configuration list for PBXNativeTarget "steve_breathe" */;
			buildPhases = (
				ACD54ACB2299957800526848 /* Sources */,
				ACD54ACC2299957800526848 /* Frameworks */,
				ACD54ACD2299957800526848 /* CopyFiles */,
			);
			buildRules = (
			);
			dependencies = (
				AC50FC312404299A00AB4285 /* PBXTargetDependency */,
			);
			name = steve_breathe;
			productName = temporal_research;
			productReference = ACD54ACF2299957800526848 /* steve_breathe */;
			productType = "com.apple.product-type.tool";
		};
/* End PBXNativeTarget section */

/* Begin PBXProject section */
		ACD54AC72299957800526848 /* Project object */ = {
			isa = PBXProject;
			attributes = {
				LastUpgradeCheck = 0810;
				ORGANIZATIONNAME = Theodore;
				TargetAttributes = {
					AC50FC232404297400AB4285 = {
						CreatedOnToolsVersion = 11.3;
					};
					ACD54ACE2299957800526848 = {
						CreatedOnToolsVersion = 8.1;
						ProvisioningStyle = Automatic;
					};
				};
			};
			buildConfigurationList = ACD54ACA2299957800526848 /* Build configuration list for PBXProject "steve_breathe" */;
			compatibilityVersion = "Xcode 3.2";
			developmentRegion = English;
			hasScannedForEncodings = 0;
			knownRegions = (
				English,
				en,
			);
			mainGroup = ACD54AC62299957800526848;
			productRefGroup = ACD54AD02299957800526848 /* Products */;
			projectDirPath = "";
			projectRoot = "";
			targets = (
				ACD54ACE2299957800526848 /* steve_breathe */,
				AC50FC232404297400AB4285 /* generators */,
			);
		};
/* End PBXProject section */

/* Begin PBXSourcesBuildPhase section */
		AC50FC212404297400AB4285 /* Sources */ = {
			isa = PBXSourcesBuildPhase;
			buildActionMask = 2147483647;
			files = (
				AC50FC2F2404297900AB4285 /* tmp_gen.cpp in Sources */,
			);
			runOnlyForDeploymentPostprocessing = 0;
		};
		ACD54ACB2299957800526848 /* Sources */ = {
			isa = PBXSourcesBuildPhase;
			buildActionMask = 2147483647;
			files = (
				ACD54ADC22999D1800526848 /* temporal.cpp in Sources */,
			);
			runOnlyForDeploymentPostprocessing = 0;
		};
/* End PBXSourcesBuildPhase section */

/* Begin PBXTargetDependency section */
		AC50FC312404299A00AB4285 /* PBXTargetDependency */ = {
			isa = PBXTargetDependency;
			target = AC50FC232404297400AB4285 /* generators */;
			targetProxy = AC50FC302404299A00AB4285 /* PBXContainerItemProxy */;
		};
/* End PBXTargetDependency section */

/* Begin XCBuildConfiguration section */
		AC50FC2D2404297400AB4285 /* Debug */ = {
			isa = XCBuildConfiguration;
			buildSettings = {
				EXECUTABLE_PREFIX = lib;
				GCC_OPTIMIZATION_LEVEL = 0;
				PRODUCT_NAME = "$(TARGET_NAME)";
				SKIP_INSTALL = YES;
			};
			name = Debug;
		};
		AC50FC2E2404297400AB4285 /* Release */ = {
			isa = XCBuildConfiguration;
			buildSettings = {
				EXECUTABLE_PREFIX = lib;
				GCC_OPTIMIZATION_LEVEL = 0;
				PRODUCT_NAME = "$(TARGET_NAME)";
				SKIP_INSTALL = YES;
			};
			name = Release;
		};
		ACD54AD42299957800526848 /* Debug */ = {
			isa = XCBuildConfiguration;
			buildSettings = {
				ALWAYS_SEARCH_USER_PATHS = NO;
				CLANG_ANALYZER_NONNULL = YES;
				CLANG_CXX_LANGUAGE_STANDARD = "gnu++0x";
				CLANG_CXX_LIBRARY = "libc++";
				CLANG_ENABLE_MODULES = YES;
				CLANG_ENABLE_OBJC_ARC = YES;
				CLANG_WARN_BOOL_CONVERSION = YES;
				CLANG_WARN_CONSTANT_CONVERSION = YES;
				CLANG_WARN_DIRECT_OBJC_ISA_USAGE = YES_ERROR;
				CLANG_WARN_DOCUMENTATION_COMMENTS = YES;
				CLANG_WARN_EMPTY_BODY = YES;
				CLANG_WARN_ENUM_CONVERSION = YES;
				CLANG_WARN_INFINITE_RECURSION = YES;
				CLANG_WARN_INT_CONVERSION = YES;
				CLANG_WARN_OBJC_ROOT_CLASS = YES_ERROR;
				CLANG_WARN_SUSPICIOUS_MOVES = YES;
				CLANG_WARN_UNREACHABLE_CODE = YES;
				CLANG_WARN__DUPLICATE_METHOD_MATCH = YES;
				CODE_SIGN_IDENTITY = "-";
				COPY_PHASE_STRIP = NO;
				DEBUG_INFORMATION_FORMAT = dwarf;
				ENABLE_STRICT_OBJC_MSGSEND = YES;
				ENABLE_TESTABILITY = YES;
				GCC_C_LANGUAGE_STANDARD = gnu99;
				GCC_DYNAMIC_NO_PIC = NO;
				GCC_NO_COMMON_BLOCKS = YES;
				GCC_PREPROCESSOR_DEFINITIONS = (
					"DEBUG=1",
					"$(inherited)",
				);
				GCC_WARN_64_TO_32_BIT_CONVERSION = YES;
				GCC_WARN_ABOUT_RETURN_TYPE = YES_ERROR;
				GCC_WARN_UNDECLARED_SELECTOR = YES;
				GCC_WARN_UNINITIALIZED_AUTOS = YES_AGGRESSIVE;
				GCC_WARN_UNUSED_FUNCTION = YES;
				GCC_WARN_UNUSED_VARIABLE = YES;
				LD_NO_PIE = YES;
				MACOSX_DEPLOYMENT_TARGET = 10.11;
				MTL_ENABLE_DEBUG_INFO = YES;
				ONLY_ACTIVE_ARCH = YES;
				SDKROOT = macosx;
			};
			name = Debug;
		};
		ACD54AD52299957800526848 /* Release */ = {
			isa = XCBuildConfiguration;
			buildSettings = {
				ALWAYS_SEARCH_USER_PATHS = NO;
				CLANG_ANALYZER_NONNULL = YES;
				CLANG_CXX_LANGUAGE_STANDARD = "gnu++0x";
				CLANG_CXX_LIBRARY = "libc++";
				CLANG_ENABLE_MODULES = YES;
				CLANG_ENABLE_OBJC_ARC = YES;
				CLANG_WARN_BOOL_CONVERSION = YES;
				CLANG_WARN_CONSTANT_CONVERSION = YES;
				CLANG_WARN_DIRECT_OBJC_ISA_USAGE = YES_ERROR;
				CLANG_WARN_DOCUMENTATION_COMMENTS = YES;
				CLANG_WARN_EMPTY_BODY = YES;
				CLANG_WARN_ENUM_CONVERSION = YES;
				CLANG_WARN_INFINITE_RECURSION = YES;
				CLANG_WARN_INT_CONVERSION = YES;
				CLANG_WARN_OBJC_ROOT_CLASS = YES_ERROR;
				CLANG_WARN_SUSPICIOUS_MOVES = YES;
				CLANG_WARN_UNREACHABLE_CODE = YES;
				CLANG_WARN__DUPLICATE_METHOD_MATCH = YES;
				CODE_SIGN_IDENTITY = "-";
				COPY_PHASE_STRIP = NO;
				DEBUG_INFORMATION_FORMAT = "dwarf-with-dsym";
				ENABLE_NS_ASSERTIONS = NO;
				ENABLE_STRICT_OBJC_MSGSEND = YES;
				GCC_C_LANGUAGE_STANDARD = gnu99;
				GCC_NO_COMMON_BLOCKS = YES;
				GCC_WARN_64_TO_32_BIT_CONVERSION = YES;
				GCC_WARN_ABOUT_RETURN_TYPE = YES_ERROR;
				GCC_WARN_UNDECLARED_SELECTOR = YES;
				GCC_WARN_UNINITIALIZED_AUTOS = YES_AGGRESSIVE;
				GCC_WARN_UNUSED_FUNCTION = YES;
				GCC_WARN_UNUSED_VARIABLE = YES;
				LD_NO_PIE = YES;
				MACOSX_DEPLOYMENT_TARGET = 10.11;
				MTL_ENABLE_DEBUG_INFO = NO;
				SDKROOT = macosx;
			};
			name = Release;
		};
		ACD54AD72299957800526848 /* Debug */ = {
			isa = XCBuildConfiguration;
			buildSettings = {
				GCC_FAST_MATH = YES;
				GCC_OPTIMIZATION_LEVEL = s;
				GCC_STRICT_ALIASING = NO;
				PRODUCT_NAME = "$(TARGET_NAME)";
			};
			name = Debug;
		};
		ACD54AD82299957800526848 /* Release */ = {
			isa = XCBuildConfiguration;
			buildSettings = {
				GCC_FAST_MATH = YES;
				GCC_OPTIMIZATION_LEVEL = s;
				GCC_STRICT_ALIASING = NO;
				PRODUCT_NAME = "$(TARGET_NAME)";
			};
			name = Release;
		};
/* End XCBuildConfiguration section */

/* Begin XCConfigurationList section */
		AC50FC2C2404297400AB4285 /* Build configuration list for PBXNativeTarget "generators" */ = {
			isa = XCConfigurationList;
			buildConfigurations = (
				AC50FC2D2404297400AB4285 /* Debug */,
				AC50FC2E2404297400AB4285 /* Release */,
			);
			defaultConfigurationIsVisible = 0;
			defaultConfigurationName = Release;
		};
		ACD54ACA2299957800526848 /* Build configuration list for PBXProject "steve_breathe" */ = {
			isa = XCConfigurationList;
			buildConfigurations = (
				ACD54AD42299957800526848 /* Debug */,
				ACD54AD52299957800526848 /* Release */,
			);
			defaultConfigurationIsVisible = 0;
			defaultConfigurationName = Release;
		};
		ACD54AD62299957800526848 /* Build configuration list for PBXNativeTarget "steve_breathe" */ = {
			isa = XCConfigurationList;
			buildConfigurations = (
				ACD54AD72299957800526848 /* Debug */,
				ACD54AD82299957800526848 /* Release */,
			);
			defaultConfigurationIsVisible = 0;
			defaultConfigurationName = Release;
		};
/* End XCConfigurationList section */
	};
	rootObject = ACD54AC72299957800526848 /* Project object */;
}
