// !$*UTF8*$!
{
	archiveVersion = 1;
	classes = {
	};
	objectVersion = 46;
	objects = {

/* Begin PBXBuildFile section */
		ACD54ADC22999D1800526848 /* temporal.cpp in Sources */ = {isa = PBXBuildFile; fileRef = ACD54ADB22999D1800526848 /* temporal.cpp */; };
/* End PBXBuildFile section */

/* Begin PBXCopyFilesBuildPhase section */
		ACD54ACD2299957800526848 /* CopyFiles */ = {
			isa = PBXCopyFilesBuildPhase;
			buildActionMask = 2147483647;
			dstPath = /usr/share/man/man1/;
			dstSubfolderSpec = 0;
			files = (
			);
			runOnlyForDeploymentPostprocessing = 1;
		};
/* End PBXCopyFilesBuildPhase section */

/* Begin PBXFileReference section */
		AC2BC71E23DE674D0055621C /* tmp_saving.i */ = {isa = PBXFileReference; fileEncoding = 4; lastKnownFileType = sourcecode.c.c.preprocessed; path = tmp_saving.i; sourceTree = SOURCE_ROOT; };
		AC3EEFB323C1240500AB0611 /* tmp_gen.i */ = {isa = PBXFileReference; lastKnownFileType = sourcecode.c.c.preprocessed; path = tmp_gen.i; sourceTree = SOURCE_ROOT; };
		AC3EEFB423C13D0800AB0611 /* scoring.html */ = {isa = PBXFileReference; lastKnownFileType = text.html; name = scoring.html; path = Debug/time_output/scoring.html; sourceTree = "<group>"; };
		AC3EEFB523C1409000AB0611 /* temporal_research */ = {isa = PBXFileReference; lastKnownFileType = "compiled.mach-o.executable"; name = temporal_research; path = Release/temporal_research; sourceTree = "<group>"; };
		ACA7E85523D9D44D001A6BDA /* tmp_defines.i */ = {isa = PBXFileReference; lastKnownFileType = sourcecode.c.c.preprocessed; path = tmp_defines.i; sourceTree = SOURCE_ROOT; };
		ACA7E85623D9D44D001A6BDA /* tmp_stats.i */ = {isa = PBXFileReference; lastKnownFileType = sourcecode.c.c.preprocessed; path = tmp_stats.i; sourceTree = SOURCE_ROOT; };
		ACA7E85723D9D44D001A6BDA /* tmp_logging.i */ = {isa = PBXFileReference; lastKnownFileType = sourcecode.c.c.preprocessed; path = tmp_logging.i; sourceTree = SOURCE_ROOT; };
		ACA7E85823D9D44D001A6BDA /* tmp_gen.i */ = {isa = PBXFileReference; lastKnownFileType = sourcecode.c.c.preprocessed; path = tmp_gen.i; sourceTree = SOURCE_ROOT; };
		ACA7E85923D9D44D001A6BDA /* tmp_api.h */ = {isa = PBXFileReference; lastKnownFileType = sourcecode.c.h; path = tmp_api.h; sourceTree = SOURCE_ROOT; };
		ACA7E85A23D9D44D001A6BDA /* tmp_typedefs.i */ = {isa = PBXFileReference; lastKnownFileType = sourcecode.c.c.preprocessed; path = tmp_typedefs.i; sourceTree = SOURCE_ROOT; };
		ACA7E85B23D9D44D001A6BDA /* tmp_classes.i */ = {isa = PBXFileReference; lastKnownFileType = sourcecode.c.c.preprocessed; path = tmp_classes.i; sourceTree = SOURCE_ROOT; };
		ACA7E85C23D9D44D001A6BDA /* tmp_headers.i */ = {isa = PBXFileReference; lastKnownFileType = sourcecode.c.c.preprocessed; path = tmp_headers.i; sourceTree = SOURCE_ROOT; };
		ACA7E85D23D9D44D001A6BDA /* tmp_sorting.i */ = {isa = PBXFileReference; lastKnownFileType = sourcecode.c.c.preprocessed; path = tmp_sorting.i; sourceTree = SOURCE_ROOT; };
		ACA7E85E23D9D44D001A6BDA /* tmp_extraction.i */ = {isa = PBXFileReference; lastKnownFileType = sourcecode.c.c.preprocessed; path = tmp_extraction.i; sourceTree = SOURCE_ROOT; };
		ACA7E85F23D9D44E001A6BDA /* tmp_core.i */ = {isa = PBXFileReference; lastKnownFileType = sourcecode.c.c.preprocessed; path = tmp_core.i; sourceTree = SOURCE_ROOT; };
		ACA7E86023D9D44E001A6BDA /* tmp_api.i */ = {isa = PBXFileReference; lastKnownFileType = sourcecode.c.c.preprocessed; path = tmp_api.i; sourceTree = SOURCE_ROOT; };
		ACD54ACF2299957800526848 /* temporal_research */ = {isa = PBXFileReference; explicitFileType = "compiled.mach-o.executable"; includeInIndex = 0; path = temporal_research; sourceTree = BUILT_PRODUCTS_DIR; };
		ACD54ADB22999D1800526848 /* temporal.cpp */ = {isa = PBXFileReference; fileEncoding = 4; lastKnownFileType = sourcecode.cpp.cpp; path = temporal.cpp; sourceTree = SOURCE_ROOT; };
		ACF1BDAF23D93D4A0085B8F4 /* tmp_defines.i */ = {isa = PBXFileReference; fileEncoding = 4; lastKnownFileType = sourcecode.c.c.preprocessed; path = tmp_defines.i; sourceTree = SOURCE_ROOT; };
		ACF1BDB023D93D4A0085B8F4 /* tmp_typedefs.i */ = {isa = PBXFileReference; fileEncoding = 4; lastKnownFileType = sourcecode.c.c.preprocessed; path = tmp_typedefs.i; sourceTree = SOURCE_ROOT; };
		ACF1BDB123D93D4A0085B8F4 /* tmp_sorting.i */ = {isa = PBXFileReference; fileEncoding = 4; lastKnownFileType = sourcecode.c.c.preprocessed; path = tmp_sorting.i; sourceTree = SOURCE_ROOT; };
		ACF1BDB223D93D4B0085B8F4 /* tmp_headers.i */ = {isa = PBXFileReference; fileEncoding = 4; lastKnownFileType = sourcecode.c.c.preprocessed; path = tmp_headers.i; sourceTree = SOURCE_ROOT; };
		ACF1BDB323D93D4B0085B8F4 /* tmp_logging.i */ = {isa = PBXFileReference; fileEncoding = 4; lastKnownFileType = sourcecode.c.c.preprocessed; path = tmp_logging.i; sourceTree = SOURCE_ROOT; };
		ACF1BDB423D93D4B0085B8F4 /* tmp_extraction.i */ = {isa = PBXFileReference; fileEncoding = 4; lastKnownFileType = sourcecode.c.c.preprocessed; path = tmp_extraction.i; sourceTree = SOURCE_ROOT; };
		ACF1BDB523D93D4B0085B8F4 /* tmp_classes.i */ = {isa = PBXFileReference; fileEncoding = 4; lastKnownFileType = sourcecode.c.c.preprocessed; path = tmp_classes.i; sourceTree = SOURCE_ROOT; };
		ACF1BDB623D93D4B0085B8F4 /* tmp_api.i */ = {isa = PBXFileReference; fileEncoding = 4; lastKnownFileType = sourcecode.c.c.preprocessed; path = tmp_api.i; sourceTree = SOURCE_ROOT; };
		ACF1BDB723D93D4B0085B8F4 /* tmp_stats.i */ = {isa = PBXFileReference; fileEncoding = 4; lastKnownFileType = sourcecode.c.c.preprocessed; path = tmp_stats.i; sourceTree = SOURCE_ROOT; };
/* End PBXFileReference section */

/* Begin PBXFrameworksBuildPhase section */
		ACD54ACC2299957800526848 /* Frameworks */ = {
			isa = PBXFrameworksBuildPhase;
			buildActionMask = 2147483647;
			files = (
			);
			runOnlyForDeploymentPostprocessing = 0;
		};
/* End PBXFrameworksBuildPhase section */

/* Begin PBXGroup section */
		ACD54AC62299957800526848 = {
			isa = PBXGroup;
			children = (
				ACD54AD12299957800526848 /* temporal_research */,
				ACD54AD02299957800526848 /* Products */,
				AC3EEFB423C13D0800AB0611 /* scoring.html */,
				AC3EEFB523C1409000AB0611 /* temporal_research */,
			);
			sourceTree = "<group>";
		};
		ACD54AD02299957800526848 /* Products */ = {
			isa = PBXGroup;
			children = (
				ACD54ACF2299957800526848 /* temporal_research */,
			);
			name = Products;
			sourceTree = "<group>";
		};
		ACD54AD12299957800526848 /* temporal_research */ = {
			isa = PBXGroup;
			children = (
				ACD54ADB22999D1800526848 /* temporal.cpp */,
				ACA7E85923D9D44D001A6BDA /* tmp_api.h */,
				ACA7E85C23D9D44D001A6BDA /* tmp_headers.i */,
				ACA7E85A23D9D44D001A6BDA /* tmp_typedefs.i */,
				ACA7E85523D9D44D001A6BDA /* tmp_defines.i */,
				ACA7E86023D9D44E001A6BDA /* tmp_api.i */,
				ACA7E85B23D9D44D001A6BDA /* tmp_classes.i */,
				ACA7E85F23D9D44E001A6BDA /* tmp_core.i */,
				ACA7E85E23D9D44D001A6BDA /* tmp_extraction.i */,
				ACA7E85823D9D44D001A6BDA /* tmp_gen.i */,
				ACA7E85723D9D44D001A6BDA /* tmp_logging.i */,
				AC2BC71E23DE674D0055621C /* tmp_saving.i */,
				ACA7E85D23D9D44D001A6BDA /* tmp_sorting.i */,
				ACA7E85623D9D44D001A6BDA /* tmp_stats.i */,
				AC3EEFB323C1240500AB0611 /* tmp_gen.i */,
				ACF1BDB623D93D4B0085B8F4 /* tmp_api.i */,
				ACF1BDB523D93D4B0085B8F4 /* tmp_classes.i */,
				ACF1BDAF23D93D4A0085B8F4 /* tmp_defines.i */,
				ACF1BDB423D93D4B0085B8F4 /* tmp_extraction.i */,
				ACF1BDB223D93D4B0085B8F4 /* tmp_headers.i */,
				ACF1BDB323D93D4B0085B8F4 /* tmp_logging.i */,
				ACF1BDB123D93D4A0085B8F4 /* tmp_sorting.i */,
				ACF1BDB723D93D4B0085B8F4 /* tmp_stats.i */,
				ACF1BDB023D93D4A0085B8F4 /* tmp_typedefs.i */,
			);
			path = temporal_research;
			sourceTree = "<group>";
		};
/* End PBXGroup section */

/* Begin PBXNativeTarget section */
		ACD54ACE2299957800526848 /* temporal_research */ = {
			isa = PBXNativeTarget;
			buildConfigurationList = ACD54AD62299957800526848 /* Build configuration list for PBXNativeTarget "temporal_research" */;
			buildPhases = (
				ACD54ACB2299957800526848 /* Sources */,
				ACD54ACC2299957800526848 /* Frameworks */,
				ACD54ACD2299957800526848 /* CopyFiles */,
			);
			buildRules = (
			);
			dependencies = (
			);
			name = temporal_research;
			productName = temporal_research;
			productReference = ACD54ACF2299957800526848 /* temporal_research */;
			productType = "com.apple.product-type.tool";
		};
/* End PBXNativeTarget section */

/* Begin PBXProject section */
		ACD54AC72299957800526848 /* Project object */ = {
			isa = PBXProject;
			attributes = {
				LastUpgradeCheck = 0810;
				ORGANIZATIONNAME = Theodore;
				TargetAttributes = {
					ACD54ACE2299957800526848 = {
						CreatedOnToolsVersion = 8.1;
						ProvisioningStyle = Automatic;
					};
				};
			};
			buildConfigurationList = ACD54ACA2299957800526848 /* Build configuration list for PBXProject "temporal_research" */;
			compatibilityVersion = "Xcode 3.2";
			developmentRegion = English;
			hasScannedForEncodings = 0;
			knownRegions = (
				English,
				en,
			);
			mainGroup = ACD54AC62299957800526848;
			productRefGroup = ACD54AD02299957800526848 /* Products */;
			projectDirPath = "";
			projectRoot = "";
			targets = (
				ACD54ACE2299957800526848 /* temporal_research */,
			);
		};
/* End PBXProject section */

/* Begin PBXSourcesBuildPhase section */
		ACD54ACB2299957800526848 /* Sources */ = {
			isa = PBXSourcesBuildPhase;
			buildActionMask = 2147483647;
			files = (
				ACD54ADC22999D1800526848 /* temporal.cpp in Sources */,
			);
			runOnlyForDeploymentPostprocessing = 0;
		};
/* End PBXSourcesBuildPhase section */

/* Begin XCBuildConfiguration section */
		ACD54AD42299957800526848 /* Debug */ = {
			isa = XCBuildConfiguration;
			buildSettings = {
				ALWAYS_SEARCH_USER_PATHS = NO;
				CLANG_ANALYZER_NONNULL = YES;
				CLANG_CXX_LANGUAGE_STANDARD = "gnu++0x";
				CLANG_CXX_LIBRARY = "libc++";
				CLANG_ENABLE_MODULES = YES;
				CLANG_ENABLE_OBJC_ARC = YES;
				CLANG_WARN_BOOL_CONVERSION = YES;
				CLANG_WARN_CONSTANT_CONVERSION = YES;
				CLANG_WARN_DIRECT_OBJC_ISA_USAGE = YES_ERROR;
				CLANG_WARN_DOCUMENTATION_COMMENTS = YES;
				CLANG_WARN_EMPTY_BODY = YES;
				CLANG_WARN_ENUM_CONVERSION = YES;
				CLANG_WARN_INFINITE_RECURSION = YES;
				CLANG_WARN_INT_CONVERSION = YES;
				CLANG_WARN_OBJC_ROOT_CLASS = YES_ERROR;
				CLANG_WARN_SUSPICIOUS_MOVES = YES;
				CLANG_WARN_UNREACHABLE_CODE = YES;
				CLANG_WARN__DUPLICATE_METHOD_MATCH = YES;
				CODE_SIGN_IDENTITY = "-";
				COPY_PHASE_STRIP = NO;
				DEBUG_INFORMATION_FORMAT = dwarf;
				ENABLE_STRICT_OBJC_MSGSEND = YES;
				ENABLE_TESTABILITY = YES;
				GCC_C_LANGUAGE_STANDARD = gnu99;
				GCC_DYNAMIC_NO_PIC = NO;
				GCC_NO_COMMON_BLOCKS = YES;
				GCC_OPTIMIZATION_LEVEL = 0;
				GCC_PREPROCESSOR_DEFINITIONS = (
					"DEBUG=1",
					"$(inherited)",
				);
				GCC_WARN_64_TO_32_BIT_CONVERSION = YES;
				GCC_WARN_ABOUT_RETURN_TYPE = YES_ERROR;
				GCC_WARN_UNDECLARED_SELECTOR = YES;
				GCC_WARN_UNINITIALIZED_AUTOS = YES_AGGRESSIVE;
				GCC_WARN_UNUSED_FUNCTION = YES;
				GCC_WARN_UNUSED_VARIABLE = YES;
				MACOSX_DEPLOYMENT_TARGET = 10.11;
				MTL_ENABLE_DEBUG_INFO = YES;
				ONLY_ACTIVE_ARCH = YES;
				SDKROOT = macosx;
				SYMROOT = "${SRCROOT}";
			};
			name = Debug;
		};
		ACD54AD52299957800526848 /* Release */ = {
			isa = XCBuildConfiguration;
			buildSettings = {
				ALWAYS_SEARCH_USER_PATHS = NO;
				CLANG_ANALYZER_NONNULL = YES;
				CLANG_CXX_LANGUAGE_STANDARD = "gnu++0x";
				CLANG_CXX_LIBRARY = "libc++";
				CLANG_ENABLE_MODULES = YES;
				CLANG_ENABLE_OBJC_ARC = YES;
				CLANG_WARN_BOOL_CONVERSION = YES;
				CLANG_WARN_CONSTANT_CONVERSION = YES;
				CLANG_WARN_DIRECT_OBJC_ISA_USAGE = YES_ERROR;
				CLANG_WARN_DOCUMENTATION_COMMENTS = YES;
				CLANG_WARN_EMPTY_BODY = YES;
				CLANG_WARN_ENUM_CONVERSION = YES;
				CLANG_WARN_INFINITE_RECURSION = YES;
				CLANG_WARN_INT_CONVERSION = YES;
				CLANG_WARN_OBJC_ROOT_CLASS = YES_ERROR;
				CLANG_WARN_SUSPICIOUS_MOVES = YES;
				CLANG_WARN_UNREACHABLE_CODE = YES;
				CLANG_WARN__DUPLICATE_METHOD_MATCH = YES;
				CODE_SIGN_IDENTITY = "-";
				COPY_PHASE_STRIP = NO;
				DEBUG_INFORMATION_FORMAT = "dwarf-with-dsym";
				ENABLE_NS_ASSERTIONS = NO;
				ENABLE_STRICT_OBJC_MSGSEND = YES;
				GCC_C_LANGUAGE_STANDARD = gnu99;
				GCC_NO_COMMON_BLOCKS = YES;
				GCC_WARN_64_TO_32_BIT_CONVERSION = YES;
				GCC_WARN_ABOUT_RETURN_TYPE = YES_ERROR;
				GCC_WARN_UNDECLARED_SELECTOR = YES;
				GCC_WARN_UNINITIALIZED_AUTOS = YES_AGGRESSIVE;
				GCC_WARN_UNUSED_FUNCTION = YES;
				GCC_WARN_UNUSED_VARIABLE = YES;
				MACOSX_DEPLOYMENT_TARGET = 10.11;
				MTL_ENABLE_DEBUG_INFO = NO;
				SDKROOT = macosx;
				SYMROOT = "${SRCROOT}";
			};
			name = Release;
		};
		ACD54AD72299957800526848 /* Debug */ = {
			isa = XCBuildConfiguration;
			buildSettings = {
				PRODUCT_NAME = "$(TARGET_NAME)";
			};
			name = Debug;
		};
		ACD54AD82299957800526848 /* Release */ = {
			isa = XCBuildConfiguration;
			buildSettings = {
				GCC_OPTIMIZATION_LEVEL = 2;
				PRODUCT_NAME = "$(TARGET_NAME)";
			};
			name = Release;
		};
/* End XCBuildConfiguration section */

/* Begin XCConfigurationList section */
		ACD54ACA2299957800526848 /* Build configuration list for PBXProject "temporal_research" */ = {
			isa = XCConfigurationList;
			buildConfigurations = (
				ACD54AD42299957800526848 /* Debug */,
				ACD54AD52299957800526848 /* Release */,
			);
			defaultConfigurationIsVisible = 0;
			defaultConfigurationName = Release;
		};
		ACD54AD62299957800526848 /* Build configuration list for PBXNativeTarget "temporal_research" */ = {
			isa = XCConfigurationList;
			buildConfigurations = (
				ACD54AD72299957800526848 /* Debug */,
				ACD54AD82299957800526848 /* Release */,
			);
			defaultConfigurationIsVisible = 0;
			defaultConfigurationName = Release;
		};
/* End XCConfigurationList section */
	};
	rootObject = ACD54AC72299957800526848 /* Project object */;
}
